
Microsoft Visual Studio Solution File, Format Version 12.00
# Visual Studio Version 17
VisualStudioVersion = 17.13.35919.96 d17.13
MinimumVisualStudioVersion = 10.0.40219.1
Project("{FAE04EC0-301F-11D3-BF4B-00C04F79EFBC}") = "WhatsAppMultiBackend", "WhatsAppMultiBackend\WhatsAppMultiBackend.csproj", "{5CE20EE5-9957-407A-B297-356C35E19D9C}"
EndProject
Global
	GlobalSection(SolutionConfigurationPlatforms) = preSolution
		Debug|Any CPU = Debug|Any CPU
		Release|Any CPU = Release|Any CPU
	EndGlobalSection
	GlobalSection(ProjectConfigurationPlatforms) = postSolution
		{5CE20EE5-9957-407A-B297-356C35E19D9C}.Debug|Any CPU.ActiveCfg = Debug|Any CPU
		{5CE20EE5-9957-407A-B297-356C35E19D9C}.Debug|Any CPU.Build.0 = Debug|Any CPU
		{5CE20EE5-9957-407A-B297-356C35E19D9C}.Release|Any CPU.ActiveCfg = Release|Any CPU
		{5CE20EE5-9957-407A-B297-356C35E19D9C}.Release|Any CPU.Build.0 = Release|Any CPU
	EndGlobalSection
	GlobalSection(SolutionProperties) = preSolution
		HideSolutionNode = FALSE
	EndGlobalSection
	GlobalSection(ExtensibilityGlobals) = postSolution
		SolutionGuid = {98989858-E2E7-42D5-A900-D93E379B9450}
	EndGlobalSection
EndGlobal
